
Microsoft Visual Studio Solution File, Format Version 12.00
# Visual Studio 15
VisualStudioVersion = 15.0.26711.1
MinimumVisualStudioVersion = 10.0.40219.1
Project("{FAE04EC0-301F-11D3-BF4B-00C04F79EFBC}") = "CORE_SHOPPING", "CORE_SHOPPING\CORE_SHOPPING.csproj", "{E616258A-1C38-4562-9462-AF9B9D709B8C}"
EndProject
Global
	GlobalSection(SolutionConfigurationPlatforms) = preSolution
		Debug|Any CPU = Debug|Any CPU
		Release|Any CPU = Release|Any CPU
	EndGlobalSection
	GlobalSection(ProjectConfigurationPlatforms) = postSolution
		{E616258A-1C38-4562-9462-AF9B9D709B8C}.Debug|Any CPU.ActiveCfg = Debug|Any CPU
		{E616258A-1C38-4562-9462-AF9B9D709B8C}.Debug|Any CPU.Build.0 = Debug|Any CPU
		{E616258A-1C38-4562-9462-AF9B9D709B8C}.Release|Any CPU.ActiveCfg = Release|Any CPU
		{E616258A-1C38-4562-9462-AF9B9D709B8C}.Release|Any CPU.Build.0 = Release|Any CPU
	EndGlobalSection
	GlobalSection(SolutionProperties) = preSolution
		HideSolutionNode = FALSE
	EndGlobalSection
	GlobalSection(ExtensibilityGlobals) = postSolution
		SolutionGuid = {DCB86A93-3278-484A-A8A3-AB215A60F1D4}
	EndGlobalSection
EndGlobal
